
Microsoft Visual Studio Solution File, Format Version 12.00
# Visual Studio Version 16
VisualStudioVersion = 16.0.29020.237
MinimumVisualStudioVersion = 10.0.40219.1
Project("{FAE04EC0-301F-11D3-BF4B-00C04F79EFBC}") = "WebAppBackgroundProcessing", "WebAppBackgroundProcessing\WebAppBackgroundProcessing.csproj", "{0EA5E909-8E0F-4717-A9CB-C9B16533CBAC}"
EndProject
Global
	GlobalSection(SolutionConfigurationPlatforms) = preSolution
		Debug|Any CPU = Debug|Any CPU
		Release|Any CPU = Release|Any CPU
	EndGlobalSection
	GlobalSection(ProjectConfigurationPlatforms) = postSolution
		{0EA5E909-8E0F-4717-A9CB-C9B16533CBAC}.Debug|Any CPU.ActiveCfg = Debug|Any CPU
		{0EA5E909-8E0F-4717-A9CB-C9B16533CBAC}.Debug|Any CPU.Build.0 = Debug|Any CPU
		{0EA5E909-8E0F-4717-A9CB-C9B16533CBAC}.Release|Any CPU.ActiveCfg = Release|Any CPU
		{0EA5E909-8E0F-4717-A9CB-C9B16533CBAC}.Release|Any CPU.Build.0 = Release|Any CPU
	EndGlobalSection
	GlobalSection(SolutionProperties) = preSolution
		HideSolutionNode = FALSE
	EndGlobalSection
	GlobalSection(ExtensibilityGlobals) = postSolution
		SolutionGuid = {DEB1A17B-7FF1-4A06-A799-C6698F0A279F}
	EndGlobalSection
EndGlobal
